
Microsoft Visual Studio Solution File, Format Version 12.00
# Visual Studio Version 17
VisualStudioVersion = 17.11.35222.181
MinimumVisualStudioVersion = 10.0.40219.1
Project("{8BC9CEB8-8B4A-11D0-8D11-00A0C91BC942}") = "ToolkitCore", "ToolkitCore\ToolkitCore.vcxproj", "{E4DBF37F-279C-420F-87CB-B118FC3CC4BD}"
EndProject
Project("{2150E333-8FDC-42A3-9474-1A3956D46DE8}") = "src", "src", "{B436F6AE-4076-4F35-A07D-7554BA05DA09}"
EndProject
Project("{2150E333-8FDC-42A3-9474-1A3956D46DE8}") = "tests", "tests", "{D67C2073-082E-4097-A7AC-D6084B26CF82}"
EndProject
Project("{8BC9CEB8-8B4A-11D0-8D11-00A0C91BC942}") = "WindowsNativeToolkit", "WindowsNativeToolkit\WindowsNativeToolkit.vcxproj", "{DEBDCFD9-03C5-4C7B-B984-AEE025C57967}"
EndProject
Global
	GlobalSection(SolutionConfigurationPlatforms) = preSolution
		Debug|ARM = Debug|ARM
		Debug|ARM64 = Debug|ARM64
		Debug|x64 = Debug|x64
		Debug|x86 = Debug|x86
		Release|ARM = Release|ARM
		Release|ARM64 = Release|ARM64
		Release|x64 = Release|x64
		Release|x86 = Release|x86
	EndGlobalSection
	GlobalSection(ProjectConfigurationPlatforms) = postSolution
		{E4DBF37F-279C-420F-87CB-B118FC3CC4BD}.Debug|ARM.ActiveCfg = Debug|x64
		{E4DBF37F-279C-420F-87CB-B118FC3CC4BD}.Debug|ARM.Build.0 = Debug|x64
		{E4DBF37F-279C-420F-87CB-B118FC3CC4BD}.Debug|ARM64.ActiveCfg = Debug|ARM64
		{E4DBF37F-279C-420F-87CB-B118FC3CC4BD}.Debug|ARM64.Build.0 = Debug|ARM64
		{E4DBF37F-279C-420F-87CB-B118FC3CC4BD}.Debug|x64.ActiveCfg = Debug|x64
		{E4DBF37F-279C-420F-87CB-B118FC3CC4BD}.Debug|x64.Build.0 = Debug|x64
		{E4DBF37F-279C-420F-87CB-B118FC3CC4BD}.Debug|x86.ActiveCfg = Debug|Win32
		{E4DBF37F-279C-420F-87CB-B118FC3CC4BD}.Debug|x86.Build.0 = Debug|Win32
		{E4DBF37F-279C-420F-87CB-B118FC3CC4BD}.Release|ARM.ActiveCfg = Release|x64
		{E4DBF37F-279C-420F-87CB-B118FC3CC4BD}.Release|ARM.Build.0 = Release|x64
		{E4DBF37F-279C-420F-87CB-B118FC3CC4BD}.Release|ARM64.ActiveCfg = Release|ARM64
		{E4DBF37F-279C-420F-87CB-B118FC3CC4BD}.Release|ARM64.Build.0 = Release|ARM64
		{E4DBF37F-279C-420F-87CB-B118FC3CC4BD}.Release|x64.ActiveCfg = Release|x64
		{E4DBF37F-279C-420F-87CB-B118FC3CC4BD}.Release|x64.Build.0 = Release|x64
		{E4DBF37F-279C-420F-87CB-B118FC3CC4BD}.Release|x86.ActiveCfg = Release|Win32
		{E4DBF37F-279C-420F-87CB-B118FC3CC4BD}.Release|x86.Build.0 = Release|Win32
		{DEBDCFD9-03C5-4C7B-B984-AEE025C57967}.Debug|ARM.ActiveCfg = Debug|x64
		{DEBDCFD9-03C5-4C7B-B984-AEE025C57967}.Debug|ARM.Build.0 = Debug|x64
		{DEBDCFD9-03C5-4C7B-B984-AEE025C57967}.Debug|ARM.Deploy.0 = Debug|x64
		{DEBDCFD9-03C5-4C7B-B984-AEE025C57967}.Debug|ARM64.ActiveCfg = Debug|ARM64
		{DEBDCFD9-03C5-4C7B-B984-AEE025C57967}.Debug|ARM64.Build.0 = Debug|ARM64
		{DEBDCFD9-03C5-4C7B-B984-AEE025C57967}.Debug|ARM64.Deploy.0 = Debug|ARM64
		{DEBDCFD9-03C5-4C7B-B984-AEE025C57967}.Debug|x64.ActiveCfg = Debug|x64
		{DEBDCFD9-03C5-4C7B-B984-AEE025C57967}.Debug|x64.Build.0 = Debug|x64
		{DEBDCFD9-03C5-4C7B-B984-AEE025C57967}.Debug|x64.Deploy.0 = Debug|x64
		{DEBDCFD9-03C5-4C7B-B984-AEE025C57967}.Debug|x86.ActiveCfg = Debug|Win32
		{DEBDCFD9-03C5-4C7B-B984-AEE025C57967}.Debug|x86.Build.0 = Debug|Win32
		{DEBDCFD9-03C5-4C7B-B984-AEE025C57967}.Debug|x86.Deploy.0 = Debug|Win32
		{DEBDCFD9-03C5-4C7B-B984-AEE025C57967}.Release|ARM.ActiveCfg = Release|x64
		{DEBDCFD9-03C5-4C7B-B984-AEE025C57967}.Release|ARM.Build.0 = Release|x64
		{DEBDCFD9-03C5-4C7B-B984-AEE025C57967}.Release|ARM.Deploy.0 = Release|x64
		{DEBDCFD9-03C5-4C7B-B984-AEE025C57967}.Release|ARM64.ActiveCfg = Release|ARM64
		{DEBDCFD9-03C5-4C7B-B984-AEE025C57967}.Release|ARM64.Build.0 = Release|ARM64
		{DEBDCFD9-03C5-4C7B-B984-AEE025C57967}.Release|ARM64.Deploy.0 = Release|ARM64
		{DEBDCFD9-03C5-4C7B-B984-AEE025C57967}.Release|x64.ActiveCfg = Release|x64
		{DEBDCFD9-03C5-4C7B-B984-AEE025C57967}.Release|x64.Build.0 = Release|x64
		{DEBDCFD9-03C5-4C7B-B984-AEE025C57967}.Release|x64.Deploy.0 = Release|x64
		{DEBDCFD9-03C5-4C7B-B984-AEE025C57967}.Release|x86.ActiveCfg = Release|Win32
		{DEBDCFD9-03C5-4C7B-B984-AEE025C57967}.Release|x86.Build.0 = Release|Win32
		{DEBDCFD9-03C5-4C7B-B984-AEE025C57967}.Release|x86.Deploy.0 = Release|Win32
	EndGlobalSection
	GlobalSection(SolutionProperties) = preSolution
		HideSolutionNode = FALSE
	EndGlobalSection
	GlobalSection(NestedProjects) = preSolution
		{E4DBF37F-279C-420F-87CB-B118FC3CC4BD} = {B436F6AE-4076-4F35-A07D-7554BA05DA09}
		{DEBDCFD9-03C5-4C7B-B984-AEE025C57967} = {B436F6AE-4076-4F35-A07D-7554BA05DA09}
	EndGlobalSection
	GlobalSection(ExtensibilityGlobals) = postSolution
		SolutionGuid = {1E2C674F-190A-4510-879A-606FE800AF2B}
	EndGlobalSection
EndGlobal
