<?xml version="1.0" encoding="utf-8"?>
<Project ToolsVersion="4.0" xmlns="http://schemas.microsoft.com/developer/msbuild/2003">
  <ItemGroup>
    <ApplicationDefinition Include="App.xaml" />
  </ItemGroup>
  <ItemGroup>
    <Page Include="MainWindow.xaml" />
    <Page Include="FolderMonitorPage.xaml">
      <Filter>Views</Filter>
    </Page>
  </ItemGroup>
  <ItemGroup>
    <Midl Include="MainWindow.idl" />
    <Midl Include="FolderMonitorPageViewModel.idl">
      <Filter>ViewModels</Filter>
    </Midl>
  </ItemGroup>
  <ItemGroup>
    <ClCompile Include="pch.cpp" />
    <ClCompile Include="$(GeneratedFilesDir)module.g.cpp" />
    <ClCompile Include="FolderMonitorPageViewModel.cpp">
      <Filter>ViewModels</Filter>
    </ClCompile>
  </ItemGroup>
  <ItemGroup>
    <ClInclude Include="pch.h" />
    <ClInclude Include="FolderMonitorPageViewModel.h">
      <Filter>ViewModels</Filter>
    </ClInclude>
  </ItemGroup>
  <ItemGroup>
    <Image Include="Assets\Wide310x150Logo.scale-200.png">
      <Filter>Assets</Filter>
    </Image>
    <Image Include="Assets\StoreLogo.png">
      <Filter>Assets</Filter>
    </Image>
    <Image Include="Assets\Square150x150Logo.scale-200.png">
      <Filter>Assets</Filter>
    </Image>
    <Image Include="Assets\Square44x44Logo.targetsize-24_altform-unplated.png">
      <Filter>Assets</Filter>
    </Image>
    <Image Include="Assets\Square44x44Logo.scale-200.png">
      <Filter>Assets</Filter>
    </Image>
    <Image Include="Assets\SplashScreen.scale-200.png">
      <Filter>Assets</Filter>
    </Image>
    <Image Include="Assets\LockScreenLogo.scale-200.png">
      <Filter>Assets</Filter>
    </Image>
  </ItemGroup>
  <ItemGroup>
    <Filter Include="Assets">
      <UniqueIdentifier>{9ab82471-5f21-4996-a4ff-464d8f6bbe40}</UniqueIdentifier>
    </Filter>
    <Filter Include="Views">
      <UniqueIdentifier>{7dee5654-1cc9-480c-a5d7-7b1d45f8bb5c}</UniqueIdentifier>
    </Filter>
    <Filter Include="ViewModels">
      <UniqueIdentifier>{8f7ea569-4cc3-498c-bc4a-99e0d8f5bb86}</UniqueIdentifier>
    </Filter>
    <Filter Include="Resources">
      <UniqueIdentifier>{b0994566-0699-41cb-b642-c201f8df036f}</UniqueIdentifier>
    </Filter>
  </ItemGroup>
  <ItemGroup>
    <Text Include="readme.txt" />
  </ItemGroup>
  <ItemGroup>
    <Manifest Include="app.manifest" />
  </ItemGroup>
  <ItemGroup>
    <AppxManifest Include="Package.appxmanifest" />
  </ItemGroup>
  <ItemGroup>
    <None Include="packages.config" />
  </ItemGroup>
  <ItemGroup>
    <Natvis Include="$(MSBuildThisFileDirectory)..\..\natvis\wil.natvis" />
    <Natvis Include="$(MSBuildThisFileDirectory)..\..\natvis\wil.natstepfilter" />
  </ItemGroup>
</Project>